
Microsoft Visual Studio Solution File, Format Version 12.00
# Visual Studio 15
VisualStudioVersion = 15.0.28307.271
MinimumVisualStudioVersion = 10.0.40219.1
Project("{FAE04EC0-301F-11D3-BF4B-00C04F79EFBC}") = "WebviewFocusIssue.Android", "WebviewFocusIssue\WebviewFocusIssue.Android\WebviewFocusIssue.Android.csproj", "{C7B5312E-9EBF-4604-80A6-85A2666E3F73}"
EndProject
Project("{FAE04EC0-301F-11D3-BF4B-00C04F79EFBC}") = "WebviewFocusIssue.iOS", "WebviewFocusIssue\WebviewFocusIssue.iOS\WebviewFocusIssue.iOS.csproj", "{76B2233D-6957-402F-9CF5-385A4D6CED1A}"
EndProject
Project("{9A19103F-16F7-4668-BE54-9A1E7A4F7556}") = "WebviewFocusIssue", "WebviewFocusIssue\WebviewFocusIssue\WebviewFocusIssue.csproj", "{99C50EB2-FDF2-46E9-A15A-2D94CAD95A32}"
EndProject
Project("{FAE04EC0-301F-11D3-BF4B-00C04F79EFBC}") = "WebviewFocusIssue.Native", "WebviewFocusIssue.Native\WebviewFocusIssue.Native.csproj", "{80A96B52-6758-4BDB-B0B4-CEA4CA155C60}"
EndProject
Global
	GlobalSection(SolutionConfigurationPlatforms) = preSolution
		Ad-Hoc|Any CPU = Ad-Hoc|Any CPU
		Ad-Hoc|iPhone = Ad-Hoc|iPhone
		Ad-Hoc|iPhoneSimulator = Ad-Hoc|iPhoneSimulator
		AppStore|Any CPU = AppStore|Any CPU
		AppStore|iPhone = AppStore|iPhone
		AppStore|iPhoneSimulator = AppStore|iPhoneSimulator
		Debug|Any CPU = Debug|Any CPU
		Debug|iPhone = Debug|iPhone
		Debug|iPhoneSimulator = Debug|iPhoneSimulator
		Release|Any CPU = Release|Any CPU
		Release|iPhone = Release|iPhone
		Release|iPhoneSimulator = Release|iPhoneSimulator
	EndGlobalSection
	GlobalSection(ProjectConfigurationPlatforms) = postSolution
		{C7B5312E-9EBF-4604-80A6-85A2666E3F73}.Ad-Hoc|Any CPU.ActiveCfg = Release|Any CPU
		{C7B5312E-9EBF-4604-80A6-85A2666E3F73}.Ad-Hoc|Any CPU.Build.0 = Release|Any CPU
		{C7B5312E-9EBF-4604-80A6-85A2666E3F73}.Ad-Hoc|Any CPU.Deploy.0 = Release|Any CPU
		{C7B5312E-9EBF-4604-80A6-85A2666E3F73}.Ad-Hoc|iPhone.ActiveCfg = Release|Any CPU
		{C7B5312E-9EBF-4604-80A6-85A2666E3F73}.Ad-Hoc|iPhone.Build.0 = Release|Any CPU
		{C7B5312E-9EBF-4604-80A6-85A2666E3F73}.Ad-Hoc|iPhone.Deploy.0 = Release|Any CPU
		{C7B5312E-9EBF-4604-80A6-85A2666E3F73}.Ad-Hoc|iPhoneSimulator.ActiveCfg = Release|Any CPU
		{C7B5312E-9EBF-4604-80A6-85A2666E3F73}.Ad-Hoc|iPhoneSimulator.Build.0 = Release|Any CPU
		{C7B5312E-9EBF-4604-80A6-85A2666E3F73}.Ad-Hoc|iPhoneSimulator.Deploy.0 = Release|Any CPU
		{C7B5312E-9EBF-4604-80A6-85A2666E3F73}.AppStore|Any CPU.ActiveCfg = Release|Any CPU
		{C7B5312E-9EBF-4604-80A6-85A2666E3F73}.AppStore|Any CPU.Build.0 = Release|Any CPU
		{C7B5312E-9EBF-4604-80A6-85A2666E3F73}.AppStore|Any CPU.Deploy.0 = Release|Any CPU
		{C7B5312E-9EBF-4604-80A6-85A2666E3F73}.AppStore|iPhone.ActiveCfg = Release|Any CPU
		{C7B5312E-9EBF-4604-80A6-85A2666E3F73}.AppStore|iPhone.Build.0 = Release|Any CPU
		{C7B5312E-9EBF-4604-80A6-85A2666E3F73}.AppStore|iPhone.Deploy.0 = Release|Any CPU
		{C7B5312E-9EBF-4604-80A6-85A2666E3F73}.AppStore|iPhoneSimulator.ActiveCfg = Release|Any CPU
		{C7B5312E-9EBF-4604-80A6-85A2666E3F73}.AppStore|iPhoneSimulator.Build.0 = Release|Any CPU
		{C7B5312E-9EBF-4604-80A6-85A2666E3F73}.AppStore|iPhoneSimulator.Deploy.0 = Release|Any CPU
		{C7B5312E-9EBF-4604-80A6-85A2666E3F73}.Debug|Any CPU.ActiveCfg = Debug|Any CPU
		{C7B5312E-9EBF-4604-80A6-85A2666E3F73}.Debug|Any CPU.Build.0 = Debug|Any CPU
		{C7B5312E-9EBF-4604-80A6-85A2666E3F73}.Debug|Any CPU.Deploy.0 = Debug|Any CPU
		{C7B5312E-9EBF-4604-80A6-85A2666E3F73}.Debug|iPhone.ActiveCfg = Debug|Any CPU
		{C7B5312E-9EBF-4604-80A6-85A2666E3F73}.Debug|iPhone.Build.0 = Debug|Any CPU
		{C7B5312E-9EBF-4604-80A6-85A2666E3F73}.Debug|iPhone.Deploy.0 = Debug|Any CPU
		{C7B5312E-9EBF-4604-80A6-85A2666E3F73}.Debug|iPhoneSimulator.ActiveCfg = Debug|Any CPU
		{C7B5312E-9EBF-4604-80A6-85A2666E3F73}.Debug|iPhoneSimulator.Build.0 = Debug|Any CPU
		{C7B5312E-9EBF-4604-80A6-85A2666E3F73}.Debug|iPhoneSimulator.Deploy.0 = Debug|Any CPU
		{C7B5312E-9EBF-4604-80A6-85A2666E3F73}.Release|Any CPU.ActiveCfg = Release|Any CPU
		{C7B5312E-9EBF-4604-80A6-85A2666E3F73}.Release|Any CPU.Build.0 = Release|Any CPU
		{C7B5312E-9EBF-4604-80A6-85A2666E3F73}.Release|Any CPU.Deploy.0 = Release|Any CPU
		{C7B5312E-9EBF-4604-80A6-85A2666E3F73}.Release|iPhone.ActiveCfg = Release|Any CPU
		{C7B5312E-9EBF-4604-80A6-85A2666E3F73}.Release|iPhone.Build.0 = Release|Any CPU
		{C7B5312E-9EBF-4604-80A6-85A2666E3F73}.Release|iPhone.Deploy.0 = Release|Any CPU
		{C7B5312E-9EBF-4604-80A6-85A2666E3F73}.Release|iPhoneSimulator.ActiveCfg = Release|Any CPU
		{C7B5312E-9EBF-4604-80A6-85A2666E3F73}.Release|iPhoneSimulator.Build.0 = Release|Any CPU
		{C7B5312E-9EBF-4604-80A6-85A2666E3F73}.Release|iPhoneSimulator.Deploy.0 = Release|Any CPU
		{76B2233D-6957-402F-9CF5-385A4D6CED1A}.Ad-Hoc|Any CPU.ActiveCfg = Ad-Hoc|iPhone
		{76B2233D-6957-402F-9CF5-385A4D6CED1A}.Ad-Hoc|Any CPU.Build.0 = Ad-Hoc|iPhone
		{76B2233D-6957-402F-9CF5-385A4D6CED1A}.Ad-Hoc|Any CPU.Deploy.0 = Ad-Hoc|iPhone
		{76B2233D-6957-402F-9CF5-385A4D6CED1A}.Ad-Hoc|iPhone.ActiveCfg = Ad-Hoc|iPhone
		{76B2233D-6957-402F-9CF5-385A4D6CED1A}.Ad-Hoc|iPhone.Build.0 = Ad-Hoc|iPhone
		{76B2233D-6957-402F-9CF5-385A4D6CED1A}.Ad-Hoc|iPhone.Deploy.0 = Ad-Hoc|iPhone
		{76B2233D-6957-402F-9CF5-385A4D6CED1A}.Ad-Hoc|iPhoneSimulator.ActiveCfg = Ad-Hoc|iPhoneSimulator
		{76B2233D-6957-402F-9CF5-385A4D6CED1A}.Ad-Hoc|iPhoneSimulator.Build.0 = Ad-Hoc|iPhoneSimulator
		{76B2233D-6957-402F-9CF5-385A4D6CED1A}.Ad-Hoc|iPhoneSimulator.Deploy.0 = Ad-Hoc|iPhoneSimulator
		{76B2233D-6957-402F-9CF5-385A4D6CED1A}.AppStore|Any CPU.ActiveCfg = AppStore|iPhone
		{76B2233D-6957-402F-9CF5-385A4D6CED1A}.AppStore|Any CPU.Build.0 = AppStore|iPhone
		{76B2233D-6957-402F-9CF5-385A4D6CED1A}.AppStore|Any CPU.Deploy.0 = AppStore|iPhone
		{76B2233D-6957-402F-9CF5-385A4D6CED1A}.AppStore|iPhone.ActiveCfg = AppStore|iPhone
		{76B2233D-6957-402F-9CF5-385A4D6CED1A}.AppStore|iPhone.Build.0 = AppStore|iPhone
		{76B2233D-6957-402F-9CF5-385A4D6CED1A}.AppStore|iPhone.Deploy.0 = AppStore|iPhone
		{76B2233D-6957-402F-9CF5-385A4D6CED1A}.AppStore|iPhoneSimulator.ActiveCfg = AppStore|iPhoneSimulator
		{76B2233D-6957-402F-9CF5-385A4D6CED1A}.AppStore|iPhoneSimulator.Build.0 = AppStore|iPhoneSimulator
		{76B2233D-6957-402F-9CF5-385A4D6CED1A}.AppStore|iPhoneSimulator.Deploy.0 = AppStore|iPhoneSimulator
		{76B2233D-6957-402F-9CF5-385A4D6CED1A}.Debug|Any CPU.ActiveCfg = Debug|iPhoneSimulator
		{76B2233D-6957-402F-9CF5-385A4D6CED1A}.Debug|Any CPU.Build.0 = Debug|iPhoneSimulator
		{76B2233D-6957-402F-9CF5-385A4D6CED1A}.Debug|Any CPU.Deploy.0 = Debug|iPhoneSimulator
		{76B2233D-6957-402F-9CF5-385A4D6CED1A}.Debug|iPhone.ActiveCfg = Debug|iPhone
		{76B2233D-6957-402F-9CF5-385A4D6CED1A}.Debug|iPhone.Build.0 = Debug|iPhone
		{76B2233D-6957-402F-9CF5-385A4D6CED1A}.Debug|iPhone.Deploy.0 = Debug|iPhone
		{76B2233D-6957-402F-9CF5-385A4D6CED1A}.Debug|iPhoneSimulator.ActiveCfg = Debug|iPhoneSimulator
		{76B2233D-6957-402F-9CF5-385A4D6CED1A}.Debug|iPhoneSimulator.Build.0 = Debug|iPhoneSimulator
		{76B2233D-6957-402F-9CF5-385A4D6CED1A}.Debug|iPhoneSimulator.Deploy.0 = Debug|iPhoneSimulator
		{76B2233D-6957-402F-9CF5-385A4D6CED1A}.Release|Any CPU.ActiveCfg = Release|iPhone
		{76B2233D-6957-402F-9CF5-385A4D6CED1A}.Release|Any CPU.Build.0 = Release|iPhone
		{76B2233D-6957-402F-9CF5-385A4D6CED1A}.Release|Any CPU.Deploy.0 = Release|iPhone
		{76B2233D-6957-402F-9CF5-385A4D6CED1A}.Release|iPhone.ActiveCfg = Release|iPhone
		{76B2233D-6957-402F-9CF5-385A4D6CED1A}.Release|iPhone.Build.0 = Release|iPhone
		{76B2233D-6957-402F-9CF5-385A4D6CED1A}.Release|iPhone.Deploy.0 = Release|iPhone
		{76B2233D-6957-402F-9CF5-385A4D6CED1A}.Release|iPhoneSimulator.ActiveCfg = Release|iPhoneSimulator
		{76B2233D-6957-402F-9CF5-385A4D6CED1A}.Release|iPhoneSimulator.Build.0 = Release|iPhoneSimulator
		{76B2233D-6957-402F-9CF5-385A4D6CED1A}.Release|iPhoneSimulator.Deploy.0 = Release|iPhoneSimulator
		{99C50EB2-FDF2-46E9-A15A-2D94CAD95A32}.Ad-Hoc|Any CPU.ActiveCfg = Debug|Any CPU
		{99C50EB2-FDF2-46E9-A15A-2D94CAD95A32}.Ad-Hoc|Any CPU.Build.0 = Debug|Any CPU
		{99C50EB2-FDF2-46E9-A15A-2D94CAD95A32}.Ad-Hoc|Any CPU.Deploy.0 = Debug|Any CPU
		{99C50EB2-FDF2-46E9-A15A-2D94CAD95A32}.Ad-Hoc|iPhone.ActiveCfg = Debug|Any CPU
		{99C50EB2-FDF2-46E9-A15A-2D94CAD95A32}.Ad-Hoc|iPhone.Build.0 = Debug|Any CPU
		{99C50EB2-FDF2-46E9-A15A-2D94CAD95A32}.Ad-Hoc|iPhone.Deploy.0 = Debug|Any CPU
		{99C50EB2-FDF2-46E9-A15A-2D94CAD95A32}.Ad-Hoc|iPhoneSimulator.ActiveCfg = Debug|Any CPU
		{99C50EB2-FDF2-46E9-A15A-2D94CAD95A32}.Ad-Hoc|iPhoneSimulator.Build.0 = Debug|Any CPU
		{99C50EB2-FDF2-46E9-A15A-2D94CAD95A32}.Ad-Hoc|iPhoneSimulator.Deploy.0 = Debug|Any CPU
		{99C50EB2-FDF2-46E9-A15A-2D94CAD95A32}.AppStore|Any CPU.ActiveCfg = Debug|Any CPU
		{99C50EB2-FDF2-46E9-A15A-2D94CAD95A32}.AppStore|Any CPU.Build.0 = Debug|Any CPU
		{99C50EB2-FDF2-46E9-A15A-2D94CAD95A32}.AppStore|Any CPU.Deploy.0 = Debug|Any CPU
		{99C50EB2-FDF2-46E9-A15A-2D94CAD95A32}.AppStore|iPhone.ActiveCfg = Debug|Any CPU
		{99C50EB2-FDF2-46E9-A15A-2D94CAD95A32}.AppStore|iPhone.Build.0 = Debug|Any CPU
		{99C50EB2-FDF2-46E9-A15A-2D94CAD95A32}.AppStore|iPhone.Deploy.0 = Debug|Any CPU
		{99C50EB2-FDF2-46E9-A15A-2D94CAD95A32}.AppStore|iPhoneSimulator.ActiveCfg = Debug|Any CPU
		{99C50EB2-FDF2-46E9-A15A-2D94CAD95A32}.AppStore|iPhoneSimulator.Build.0 = Debug|Any CPU
		{99C50EB2-FDF2-46E9-A15A-2D94CAD95A32}.AppStore|iPhoneSimulator.Deploy.0 = Debug|Any CPU
		{99C50EB2-FDF2-46E9-A15A-2D94CAD95A32}.Debug|Any CPU.ActiveCfg = Debug|Any CPU
		{99C50EB2-FDF2-46E9-A15A-2D94CAD95A32}.Debug|Any CPU.Build.0 = Debug|Any CPU
		{99C50EB2-FDF2-46E9-A15A-2D94CAD95A32}.Debug|Any CPU.Deploy.0 = Debug|Any CPU
		{99C50EB2-FDF2-46E9-A15A-2D94CAD95A32}.Debug|iPhone.ActiveCfg = Debug|Any CPU
		{99C50EB2-FDF2-46E9-A15A-2D94CAD95A32}.Debug|iPhone.Build.0 = Debug|Any CPU
		{99C50EB2-FDF2-46E9-A15A-2D94CAD95A32}.Debug|iPhone.Deploy.0 = Debug|Any CPU
		{99C50EB2-FDF2-46E9-A15A-2D94CAD95A32}.Debug|iPhoneSimulator.ActiveCfg = Debug|Any CPU
		{99C50EB2-FDF2-46E9-A15A-2D94CAD95A32}.Debug|iPhoneSimulator.Build.0 = Debug|Any CPU
		{99C50EB2-FDF2-46E9-A15A-2D94CAD95A32}.Debug|iPhoneSimulator.Deploy.0 = Debug|Any CPU
		{99C50EB2-FDF2-46E9-A15A-2D94CAD95A32}.Release|Any CPU.ActiveCfg = Release|Any CPU
		{99C50EB2-FDF2-46E9-A15A-2D94CAD95A32}.Release|Any CPU.Build.0 = Release|Any CPU
		{99C50EB2-FDF2-46E9-A15A-2D94CAD95A32}.Release|Any CPU.Deploy.0 = Release|Any CPU
		{99C50EB2-FDF2-46E9-A15A-2D94CAD95A32}.Release|iPhone.ActiveCfg = Release|Any CPU
		{99C50EB2-FDF2-46E9-A15A-2D94CAD95A32}.Release|iPhone.Build.0 = Release|Any CPU
		{99C50EB2-FDF2-46E9-A15A-2D94CAD95A32}.Release|iPhone.Deploy.0 = Release|Any CPU
		{99C50EB2-FDF2-46E9-A15A-2D94CAD95A32}.Release|iPhoneSimulator.ActiveCfg = Release|Any CPU
		{99C50EB2-FDF2-46E9-A15A-2D94CAD95A32}.Release|iPhoneSimulator.Build.0 = Release|Any CPU
		{99C50EB2-FDF2-46E9-A15A-2D94CAD95A32}.Release|iPhoneSimulator.Deploy.0 = Release|Any CPU
		{80A96B52-6758-4BDB-B0B4-CEA4CA155C60}.Ad-Hoc|Any CPU.ActiveCfg = Release|iPhone
		{80A96B52-6758-4BDB-B0B4-CEA4CA155C60}.Ad-Hoc|Any CPU.Build.0 = Release|iPhone
		{80A96B52-6758-4BDB-B0B4-CEA4CA155C60}.Ad-Hoc|iPhone.ActiveCfg = Release|iPhone
		{80A96B52-6758-4BDB-B0B4-CEA4CA155C60}.Ad-Hoc|iPhone.Build.0 = Release|iPhone
		{80A96B52-6758-4BDB-B0B4-CEA4CA155C60}.Ad-Hoc|iPhoneSimulator.ActiveCfg = Release|iPhoneSimulator
		{80A96B52-6758-4BDB-B0B4-CEA4CA155C60}.Ad-Hoc|iPhoneSimulator.Build.0 = Release|iPhoneSimulator
		{80A96B52-6758-4BDB-B0B4-CEA4CA155C60}.AppStore|Any CPU.ActiveCfg = Release|iPhone
		{80A96B52-6758-4BDB-B0B4-CEA4CA155C60}.AppStore|Any CPU.Build.0 = Release|iPhone
		{80A96B52-6758-4BDB-B0B4-CEA4CA155C60}.AppStore|iPhone.ActiveCfg = Release|iPhone
		{80A96B52-6758-4BDB-B0B4-CEA4CA155C60}.AppStore|iPhone.Build.0 = Release|iPhone
		{80A96B52-6758-4BDB-B0B4-CEA4CA155C60}.AppStore|iPhoneSimulator.ActiveCfg = Release|iPhoneSimulator
		{80A96B52-6758-4BDB-B0B4-CEA4CA155C60}.AppStore|iPhoneSimulator.Build.0 = Release|iPhoneSimulator
		{80A96B52-6758-4BDB-B0B4-CEA4CA155C60}.Debug|Any CPU.ActiveCfg = Debug|iPhone
		{80A96B52-6758-4BDB-B0B4-CEA4CA155C60}.Debug|iPhone.ActiveCfg = Debug|iPhone
		{80A96B52-6758-4BDB-B0B4-CEA4CA155C60}.Debug|iPhone.Build.0 = Debug|iPhone
		{80A96B52-6758-4BDB-B0B4-CEA4CA155C60}.Debug|iPhoneSimulator.ActiveCfg = Debug|iPhoneSimulator
		{80A96B52-6758-4BDB-B0B4-CEA4CA155C60}.Debug|iPhoneSimulator.Build.0 = Debug|iPhoneSimulator
		{80A96B52-6758-4BDB-B0B4-CEA4CA155C60}.Release|Any CPU.ActiveCfg = Release|iPhone
		{80A96B52-6758-4BDB-B0B4-CEA4CA155C60}.Release|iPhone.ActiveCfg = Release|iPhone
		{80A96B52-6758-4BDB-B0B4-CEA4CA155C60}.Release|iPhone.Build.0 = Release|iPhone
		{80A96B52-6758-4BDB-B0B4-CEA4CA155C60}.Release|iPhoneSimulator.ActiveCfg = Release|iPhoneSimulator
		{80A96B52-6758-4BDB-B0B4-CEA4CA155C60}.Release|iPhoneSimulator.Build.0 = Release|iPhoneSimulator
	EndGlobalSection
	GlobalSection(SolutionProperties) = preSolution
		HideSolutionNode = FALSE
	EndGlobalSection
	GlobalSection(ExtensibilityGlobals) = postSolution
		SolutionGuid = {0821A125-9E19-4451-8D9B-56173711AEB6}
	EndGlobalSection
EndGlobal
